// !$*UTF8*$!
{
	archiveVersion = 1;
	classes = {
	};
	objectVersion = 54;
	objects = {

/* Begin PBXBuildFile section */
		00E356F31AD99517003FC87E /* GanaderiAppTests.m in Sources */ = {isa = PBXBuildFile; fileRef = 00E356F21AD99517003FC87E /* GanaderiAppTests.m */; };
		13B07FBC1A68108700A75B9A /* AppDelegate.m in Sources */ = {isa = PBXBuildFile; fileRef = 13B07FB01A68108700A75B9A /* AppDelegate.m */; };
		13B07FBF1A68108700A75B9A /* Images.xcassets in Resources */ = {isa = PBXBuildFile; fileRef = 13B07FB51A68108700A75B9A /* Images.xcassets */; };
		13B07FC11A68108700A75B9A /* main.m in Sources */ = {isa = PBXBuildFile; fileRef = 13B07FB71A68108700A75B9A /* main.m */; };
		81AB9BB82411601600AC10FF /* LaunchScreen.storyboard in Resources */ = {isa = PBXBuildFile; fileRef = 81AB9BB72411601600AC10FF /* LaunchScreen.storyboard */; };
		1AE5179ABE38430ABB035CC0 /* AntDesign.ttf in Resources */ = {isa = PBXBuildFile; fileRef = 32580CBF53C949B392A9DBF6 /* AntDesign.ttf */; };
		6674CC7B973C4F0693D96323 /* Entypo.ttf in Resources */ = {isa = PBXBuildFile; fileRef = 702810B0A7EF4CBFB3CA6948 /* Entypo.ttf */; };
		184D2FEB83784B99AC659E71 /* EvilIcons.ttf in Resources */ = {isa = PBXBuildFile; fileRef = BA215134368744C1886E9048 /* EvilIcons.ttf */; };
		AB67C8B80CAD4DAEB9091A07 /* Feather.ttf in Resources */ = {isa = PBXBuildFile; fileRef = 89533CBC749C404CBECB61BD /* Feather.ttf */; };
		D701CF7B230C48529CCBD5BB /* FontAwesome.ttf in Resources */ = {isa = PBXBuildFile; fileRef = 92A42FC1EE5C4D3386B52925 /* FontAwesome.ttf */; };
		08B0B42F3E7342249CA0BF92 /* FontAwesome5_Brands.ttf in Resources */ = {isa = PBXBuildFile; fileRef = 0549A5A4BC9643959AEA941C /* FontAwesome5_Brands.ttf */; };
		D5D838B979BF4962A849DECC /* FontAwesome5_Regular.ttf in Resources */ = {isa = PBXBuildFile; fileRef = 6CC28B953B674243968B7203 /* FontAwesome5_Regular.ttf */; };
		659B6C55265240C3A8ABF46B /* FontAwesome5_Solid.ttf in Resources */ = {isa = PBXBuildFile; fileRef = E726F2272AD84F7FA7D92A33 /* FontAwesome5_Solid.ttf */; };
		C4E0A58BDF7246AD87483854 /* Fontisto.ttf in Resources */ = {isa = PBXBuildFile; fileRef = 4EF9B678833E4270ABACA3CC /* Fontisto.ttf */; };
		33BC152367144E31B92DCCF5 /* Foundation.ttf in Resources */ = {isa = PBXBuildFile; fileRef = E89F9866B4B54BAAB5CF850F /* Foundation.ttf */; };
		BB7FAF70EADE406BB45A0A51 /* Ionicons.ttf in Resources */ = {isa = PBXBuildFile; fileRef = 6447D644D5BD4BA7934BDFAB /* Ionicons.ttf */; };
		EDC76778D63E4A51971926B0 /* MaterialCommunityIcons.ttf in Resources */ = {isa = PBXBuildFile; fileRef = 822E6BFE699049A7B27EC713 /* MaterialCommunityIcons.ttf */; };
		92274E3D2294400080A7CA53 /* MaterialIcons.ttf in Resources */ = {isa = PBXBuildFile; fileRef = B86BBFC12CF043BD86A68FA2 /* MaterialIcons.ttf */; };
		36F5B77F770544EA870A4DDA /* Octicons.ttf in Resources */ = {isa = PBXBuildFile; fileRef = AD8F1CA3D60A4F9DBFDD345D /* Octicons.ttf */; };
		BA487672CC65482E81C4C9E9 /* SimpleLineIcons.ttf in Resources */ = {isa = PBXBuildFile; fileRef = BB7C1AA9D8B74F5ABA6567A2 /* SimpleLineIcons.ttf */; };
		5DDD399F0D2640EEBE852DB8 /* Zocial.ttf in Resources */ = {isa = PBXBuildFile; fileRef = 59534DA113924043AF11E83C /* Zocial.ttf */; };
		17AB4A369DFE42BE87A6E47D /* Inter-Bold.ttf in Resources */ = {isa = PBXBuildFile; fileRef = 4318853257344F67902B0D1E /* Inter-Bold.ttf */; };
		EFA34D7126ED4C76AA1F8074 /* Inter-Light.ttf in Resources */ = {isa = PBXBuildFile; fileRef = 7B951484284D43C792DA4F0A /* Inter-Light.ttf */; };
		B2A840749B9C4318B5E9E66C /* Inter-Medium.ttf in Resources */ = {isa = PBXBuildFile; fileRef = 11FF51B0857B49D2989535E9 /* Inter-Medium.ttf */; };
		14DC94682E5F427294A5EA1C /* Inter-Regular.ttf in Resources */ = {isa = PBXBuildFile; fileRef = 1EA44046E0AE489B8B05ADF6 /* Inter-Regular.ttf */; };
		6A04FC903DCF41E8AF60A9D5 /* Inter-SemiBold.ttf in Resources */ = {isa = PBXBuildFile; fileRef = 5859B338235B4ECCBAF16276 /* Inter-SemiBold.ttf */; };
		6C67C8753F7D477A89E82B8C /* Manrope-Bold.ttf in Resources */ = {isa = PBXBuildFile; fileRef = 4A56612709AC4C0086FE2F3E /* Manrope-Bold.ttf */; };
		E74ACEBDD85645C5AC752AD2 /* Manrope-Light.ttf in Resources */ = {isa = PBXBuildFile; fileRef = 3BE09CACFFBF49CE8E898036 /* Manrope-Light.ttf */; };
		5C4DB16E2D9B47ED9C782B64 /* Manrope-Medium.ttf in Resources */ = {isa = PBXBuildFile; fileRef = A68A0F48B89D4D129DF8A0E7 /* Manrope-Medium.ttf */; };
		52B90437730C4716A2A89E7C /* Manrope-Regular.ttf in Resources */ = {isa = PBXBuildFile; fileRef = 5209E4E7A5F54B83BFD551C6 /* Manrope-Regular.ttf */; };
		B05D4ED09F5D48C5919D8EB9 /* Manrope-SemiBold.ttf in Resources */ = {isa = PBXBuildFile; fileRef = D635C0E3AAE14BC6880A1B1A /* Manrope-SemiBold.ttf */; };
		14A06210F92E4585A55762E4 /* Metropolis-Bold.otf in Resources */ = {isa = PBXBuildFile; fileRef = A77BCE47519C4BAAB26128E3 /* Metropolis-Bold.otf */; };
		FD159C5034B941ED90DEF72E /* Metropolis-Light.otf in Resources */ = {isa = PBXBuildFile; fileRef = 95633DEC17AE486A8E52FE2D /* Metropolis-Light.otf */; };
		F73B30EAC0DC4694B5802F84 /* Metropolis-Medium.otf in Resources */ = {isa = PBXBuildFile; fileRef = D8B5221983A249CEAC87EB3D /* Metropolis-Medium.otf */; };
		A15250DBF2824DE8AEE3E884 /* Metropolis-Regular.otf in Resources */ = {isa = PBXBuildFile; fileRef = A84B66B4E2724887B7076CFA /* Metropolis-Regular.otf */; };
		E4CEB06CE5FD4E89A604C1C8 /* Metropolis-SemiBold.otf in Resources */ = {isa = PBXBuildFile; fileRef = C2B20AB7F2AA4C8C9A43A7EE /* Metropolis-SemiBold.otf */; };
		96147C19D69D4943A7169148 /* Nunito-Bold.ttf in Resources */ = {isa = PBXBuildFile; fileRef = 5293B82015524EB4970B2CF7 /* Nunito-Bold.ttf */; };
		5290C749D0744D10850551C6 /* Nunito-Light.ttf in Resources */ = {isa = PBXBuildFile; fileRef = F363E8AA269547BC84A80CBF /* Nunito-Light.ttf */; };
		C382E59FB50C487696E5DC45 /* Nunito-Medium.ttf in Resources */ = {isa = PBXBuildFile; fileRef = 6CBD34B3BA1F4A37B99C395D /* Nunito-Medium.ttf */; };
		7B96240FF9914C539A075464 /* Nunito-Regular.ttf in Resources */ = {isa = PBXBuildFile; fileRef = 3C00D8BC6CDC40DDA4DDABA0 /* Nunito-Regular.ttf */; };
		94836808E0D1472782C98AFD /* Nunito-SemiBold.ttf in Resources */ = {isa = PBXBuildFile; fileRef = 329ADFBE66FE496082035A00 /* Nunito-SemiBold.ttf */; };
		1AB90C6B97E944C28BE7F36A /* background.png in Resources */ = {isa = PBXBuildFile; fileRef = 218822F35AEE4AA1A6F0AAE5 /* background.png */; };
		85AD0CC9064C4E79BA7AA028 /* Montserrat-Bold.ttf in Resources */ = {isa = PBXBuildFile; fileRef = 73355F0AF73340B681156998 /* Montserrat-Bold.ttf */; };
		6A05B4AAFDA34CD081888A45 /* Montserrat-Light.ttf in Resources */ = {isa = PBXBuildFile; fileRef = 71BB78D127D249258A0EA1E3 /* Montserrat-Light.ttf */; };
		499FC1E544104F40951B1E87 /* Montserrat-Medium.ttf in Resources */ = {isa = PBXBuildFile; fileRef = BB885AAF4588445A8F8BFF28 /* Montserrat-Medium.ttf */; };
		9BB7B858EBB84BFDBFA4AC32 /* Montserrat-Regular.ttf in Resources */ = {isa = PBXBuildFile; fileRef = D295AB5EA8CA4B7EA7C2CC31 /* Montserrat-Regular.ttf */; };
		5E9FB6A2EDB340CD9438A88F /* Montserrat-SemiBold.ttf in Resources */ = {isa = PBXBuildFile; fileRef = 771893EA84974D518A77B61E /* Montserrat-SemiBold.ttf */; };
/* End PBXBuildFile section */

/* Begin PBXContainerItemProxy section */
		00E356F41AD99517003FC87E /* PBXContainerItemProxy */ = {
			isa = PBXContainerItemProxy;
			containerPortal = 83CBB9F71A601CBA00E9B192 /* Project object */;
			proxyType = 1;
			remoteGlobalIDString = 13B07F861A680F5B00A75B9A;
			remoteInfo = GanaderiApp;
		};
/* End PBXContainerItemProxy section */

/* Begin PBXFileReference section */
		00E356EE1AD99517003FC87E /* GanaderiAppTests.xctest */ = {isa = PBXFileReference; explicitFileType = wrapper.cfbundle; includeInIndex = 0; path = GanaderiAppTests.xctest; sourceTree = BUILT_PRODUCTS_DIR; };
		00E356F11AD99517003FC87E /* Info.plist */ = {isa = PBXFileReference; lastKnownFileType = text.plist.xml; path = Info.plist; sourceTree = "<group>"; };
		00E356F21AD99517003FC87E /* GanaderiAppTests.m */ = {isa = PBXFileReference; lastKnownFileType = sourcecode.c.objc; path = GanaderiAppTests.m; sourceTree = "<group>"; };
		13B07F961A680F5B00A75B9A /* GanaderiApp.app */ = {isa = PBXFileReference; explicitFileType = wrapper.application; includeInIndex = 0; path = GanaderiApp.app; sourceTree = BUILT_PRODUCTS_DIR; };
		13B07FAF1A68108700A75B9A /* AppDelegate.h */ = {isa = PBXFileReference; fileEncoding = 4; lastKnownFileType = sourcecode.c.h; name = AppDelegate.h; path = GanaderiApp/AppDelegate.h; sourceTree = "<group>"; };
		13B07FB01A68108700A75B9A /* AppDelegate.m */ = {isa = PBXFileReference; fileEncoding = 4; lastKnownFileType = sourcecode.c.objc; name = AppDelegate.m; path = GanaderiApp/AppDelegate.m; sourceTree = "<group>"; };
		13B07FB51A68108700A75B9A /* Images.xcassets */ = {isa = PBXFileReference; lastKnownFileType = folder.assetcatalog; name = Images.xcassets; path = GanaderiApp/Images.xcassets; sourceTree = "<group>"; };
		13B07FB61A68108700A75B9A /* Info.plist */ = {isa = PBXFileReference; fileEncoding = 4; lastKnownFileType = text.plist.xml; name = Info.plist; path = GanaderiApp/Info.plist; sourceTree = "<group>"; };
		13B07FB71A68108700A75B9A /* main.m */ = {isa = PBXFileReference; fileEncoding = 4; lastKnownFileType = sourcecode.c.objc; name = main.m; path = GanaderiApp/main.m; sourceTree = "<group>"; };
		81AB9BB72411601600AC10FF /* LaunchScreen.storyboard */ = {isa = PBXFileReference; fileEncoding = 4; lastKnownFileType = file.storyboard; name = LaunchScreen.storyboard; path = GanaderiApp/LaunchScreen.storyboard; sourceTree = "<group>"; };
		ED297162215061F000B7C4FE /* JavaScriptCore.framework */ = {isa = PBXFileReference; lastKnownFileType = wrapper.framework; name = JavaScriptCore.framework; path = System/Library/Frameworks/JavaScriptCore.framework; sourceTree = SDKROOT; };
		32580CBF53C949B392A9DBF6 /* AntDesign.ttf */ = {isa = PBXFileReference; name = "AntDesign.ttf"; path = "../node_modules/react-native-vector-icons/Fonts/AntDesign.ttf"; sourceTree = "<group>"; fileEncoding = undefined; lastKnownFileType = unknown; explicitFileType = undefined; includeInIndex = 0; };
		702810B0A7EF4CBFB3CA6948 /* Entypo.ttf */ = {isa = PBXFileReference; name = "Entypo.ttf"; path = "../node_modules/react-native-vector-icons/Fonts/Entypo.ttf"; sourceTree = "<group>"; fileEncoding = undefined; lastKnownFileType = unknown; explicitFileType = undefined; includeInIndex = 0; };
		BA215134368744C1886E9048 /* EvilIcons.ttf */ = {isa = PBXFileReference; name = "EvilIcons.ttf"; path = "../node_modules/react-native-vector-icons/Fonts/EvilIcons.ttf"; sourceTree = "<group>"; fileEncoding = undefined; lastKnownFileType = unknown; explicitFileType = undefined; includeInIndex = 0; };
		89533CBC749C404CBECB61BD /* Feather.ttf */ = {isa = PBXFileReference; name = "Feather.ttf"; path = "../node_modules/react-native-vector-icons/Fonts/Feather.ttf"; sourceTree = "<group>"; fileEncoding = undefined; lastKnownFileType = unknown; explicitFileType = undefined; includeInIndex = 0; };
		92A42FC1EE5C4D3386B52925 /* FontAwesome.ttf */ = {isa = PBXFileReference; name = "FontAwesome.ttf"; path = "../node_modules/react-native-vector-icons/Fonts/FontAwesome.ttf"; sourceTree = "<group>"; fileEncoding = undefined; lastKnownFileType = unknown; explicitFileType = undefined; includeInIndex = 0; };
		0549A5A4BC9643959AEA941C /* FontAwesome5_Brands.ttf */ = {isa = PBXFileReference; name = "FontAwesome5_Brands.ttf"; path = "../node_modules/react-native-vector-icons/Fonts/FontAwesome5_Brands.ttf"; sourceTree = "<group>"; fileEncoding = undefined; lastKnownFileType = unknown; explicitFileType = undefined; includeInIndex = 0; };
		6CC28B953B674243968B7203 /* FontAwesome5_Regular.ttf */ = {isa = PBXFileReference; name = "FontAwesome5_Regular.ttf"; path = "../node_modules/react-native-vector-icons/Fonts/FontAwesome5_Regular.ttf"; sourceTree = "<group>"; fileEncoding = undefined; lastKnownFileType = unknown; explicitFileType = undefined; includeInIndex = 0; };
		E726F2272AD84F7FA7D92A33 /* FontAwesome5_Solid.ttf */ = {isa = PBXFileReference; name = "FontAwesome5_Solid.ttf"; path = "../node_modules/react-native-vector-icons/Fonts/FontAwesome5_Solid.ttf"; sourceTree = "<group>"; fileEncoding = undefined; lastKnownFileType = unknown; explicitFileType = undefined; includeInIndex = 0; };
		4EF9B678833E4270ABACA3CC /* Fontisto.ttf */ = {isa = PBXFileReference; name = "Fontisto.ttf"; path = "../node_modules/react-native-vector-icons/Fonts/Fontisto.ttf"; sourceTree = "<group>"; fileEncoding = undefined; lastKnownFileType = unknown; explicitFileType = undefined; includeInIndex = 0; };
		E89F9866B4B54BAAB5CF850F /* Foundation.ttf */ = {isa = PBXFileReference; name = "Foundation.ttf"; path = "../node_modules/react-native-vector-icons/Fonts/Foundation.ttf"; sourceTree = "<group>"; fileEncoding = undefined; lastKnownFileType = unknown; explicitFileType = undefined; includeInIndex = 0; };
		6447D644D5BD4BA7934BDFAB /* Ionicons.ttf */ = {isa = PBXFileReference; name = "Ionicons.ttf"; path = "../node_modules/react-native-vector-icons/Fonts/Ionicons.ttf"; sourceTree = "<group>"; fileEncoding = undefined; lastKnownFileType = unknown; explicitFileType = undefined; includeInIndex = 0; };
		822E6BFE699049A7B27EC713 /* MaterialCommunityIcons.ttf */ = {isa = PBXFileReference; name = "MaterialCommunityIcons.ttf"; path = "../node_modules/react-native-vector-icons/Fonts/MaterialCommunityIcons.ttf"; sourceTree = "<group>"; fileEncoding = undefined; lastKnownFileType = unknown; explicitFileType = undefined; includeInIndex = 0; };
		B86BBFC12CF043BD86A68FA2 /* MaterialIcons.ttf */ = {isa = PBXFileReference; name = "MaterialIcons.ttf"; path = "../node_modules/react-native-vector-icons/Fonts/MaterialIcons.ttf"; sourceTree = "<group>"; fileEncoding = undefined; lastKnownFileType = unknown; explicitFileType = undefined; includeInIndex = 0; };
		AD8F1CA3D60A4F9DBFDD345D /* Octicons.ttf */ = {isa = PBXFileReference; name = "Octicons.ttf"; path = "../node_modules/react-native-vector-icons/Fonts/Octicons.ttf"; sourceTree = "<group>"; fileEncoding = undefined; lastKnownFileType = unknown; explicitFileType = undefined; includeInIndex = 0; };
		BB7C1AA9D8B74F5ABA6567A2 /* SimpleLineIcons.ttf */ = {isa = PBXFileReference; name = "SimpleLineIcons.ttf"; path = "../node_modules/react-native-vector-icons/Fonts/SimpleLineIcons.ttf"; sourceTree = "<group>"; fileEncoding = undefined; lastKnownFileType = unknown; explicitFileType = undefined; includeInIndex = 0; };
		59534DA113924043AF11E83C /* Zocial.ttf */ = {isa = PBXFileReference; name = "Zocial.ttf"; path = "../node_modules/react-native-vector-icons/Fonts/Zocial.ttf"; sourceTree = "<group>"; fileEncoding = undefined; lastKnownFileType = unknown; explicitFileType = undefined; includeInIndex = 0; };
		4318853257344F67902B0D1E /* Inter-Bold.ttf */ = {isa = PBXFileReference; name = "Inter-Bold.ttf"; path = "../assets/fonts/Inter-Bold.ttf"; sourceTree = "<group>"; fileEncoding = undefined; lastKnownFileType = unknown; explicitFileType = undefined; includeInIndex = 0; };
		7B951484284D43C792DA4F0A /* Inter-Light.ttf */ = {isa = PBXFileReference; name = "Inter-Light.ttf"; path = "../assets/fonts/Inter-Light.ttf"; sourceTree = "<group>"; fileEncoding = undefined; lastKnownFileType = unknown; explicitFileType = undefined; includeInIndex = 0; };
		11FF51B0857B49D2989535E9 /* Inter-Medium.ttf */ = {isa = PBXFileReference; name = "Inter-Medium.ttf"; path = "../assets/fonts/Inter-Medium.ttf"; sourceTree = "<group>"; fileEncoding = undefined; lastKnownFileType = unknown; explicitFileType = undefined; includeInIndex = 0; };
		1EA44046E0AE489B8B05ADF6 /* Inter-Regular.ttf */ = {isa = PBXFileReference; name = "Inter-Regular.ttf"; path = "../assets/fonts/Inter-Regular.ttf"; sourceTree = "<group>"; fileEncoding = undefined; lastKnownFileType = unknown; explicitFileType = undefined; includeInIndex = 0; };
		5859B338235B4ECCBAF16276 /* Inter-SemiBold.ttf */ = {isa = PBXFileReference; name = "Inter-SemiBold.ttf"; path = "../assets/fonts/Inter-SemiBold.ttf"; sourceTree = "<group>"; fileEncoding = undefined; lastKnownFileType = unknown; explicitFileType = undefined; includeInIndex = 0; };
		4A56612709AC4C0086FE2F3E /* Manrope-Bold.ttf */ = {isa = PBXFileReference; name = "Manrope-Bold.ttf"; path = "../assets/fonts/Manrope-Bold.ttf"; sourceTree = "<group>"; fileEncoding = undefined; lastKnownFileType = unknown; explicitFileType = undefined; includeInIndex = 0; };
		3BE09CACFFBF49CE8E898036 /* Manrope-Light.ttf */ = {isa = PBXFileReference; name = "Manrope-Light.ttf"; path = "../assets/fonts/Manrope-Light.ttf"; sourceTree = "<group>"; fileEncoding = undefined; lastKnownFileType = unknown; explicitFileType = undefined; includeInIndex = 0; };
		A68A0F48B89D4D129DF8A0E7 /* Manrope-Medium.ttf */ = {isa = PBXFileReference; name = "Manrope-Medium.ttf"; path = "../assets/fonts/Manrope-Medium.ttf"; sourceTree = "<group>"; fileEncoding = undefined; lastKnownFileType = unknown; explicitFileType = undefined; includeInIndex = 0; };
		5209E4E7A5F54B83BFD551C6 /* Manrope-Regular.ttf */ = {isa = PBXFileReference; name = "Manrope-Regular.ttf"; path = "../assets/fonts/Manrope-Regular.ttf"; sourceTree = "<group>"; fileEncoding = undefined; lastKnownFileType = unknown; explicitFileType = undefined; includeInIndex = 0; };
		D635C0E3AAE14BC6880A1B1A /* Manrope-SemiBold.ttf */ = {isa = PBXFileReference; name = "Manrope-SemiBold.ttf"; path = "../assets/fonts/Manrope-SemiBold.ttf"; sourceTree = "<group>"; fileEncoding = undefined; lastKnownFileType = unknown; explicitFileType = undefined; includeInIndex = 0; };
		A77BCE47519C4BAAB26128E3 /* Metropolis-Bold.otf */ = {isa = PBXFileReference; name = "Metropolis-Bold.otf"; path = "../assets/fonts/Metropolis-Bold.otf"; sourceTree = "<group>"; fileEncoding = undefined; lastKnownFileType = unknown; explicitFileType = undefined; includeInIndex = 0; };
		95633DEC17AE486A8E52FE2D /* Metropolis-Light.otf */ = {isa = PBXFileReference; name = "Metropolis-Light.otf"; path = "../assets/fonts/Metropolis-Light.otf"; sourceTree = "<group>"; fileEncoding = undefined; lastKnownFileType = unknown; explicitFileType = undefined; includeInIndex = 0; };
		D8B5221983A249CEAC87EB3D /* Metropolis-Medium.otf */ = {isa = PBXFileReference; name = "Metropolis-Medium.otf"; path = "../assets/fonts/Metropolis-Medium.otf"; sourceTree = "<group>"; fileEncoding = undefined; lastKnownFileType = unknown; explicitFileType = undefined; includeInIndex = 0; };
		A84B66B4E2724887B7076CFA /* Metropolis-Regular.otf */ = {isa = PBXFileReference; name = "Metropolis-Regular.otf"; path = "../assets/fonts/Metropolis-Regular.otf"; sourceTree = "<group>"; fileEncoding = undefined; lastKnownFileType = unknown; explicitFileType = undefined; includeInIndex = 0; };
		C2B20AB7F2AA4C8C9A43A7EE /* Metropolis-SemiBold.otf */ = {isa = PBXFileReference; name = "Metropolis-SemiBold.otf"; path = "../assets/fonts/Metropolis-SemiBold.otf"; sourceTree = "<group>"; fileEncoding = undefined; lastKnownFileType = unknown; explicitFileType = undefined; includeInIndex = 0; };
		5293B82015524EB4970B2CF7 /* Nunito-Bold.ttf */ = {isa = PBXFileReference; name = "Nunito-Bold.ttf"; path = "../assets/fonts/Nunito-Bold.ttf"; sourceTree = "<group>"; fileEncoding = undefined; lastKnownFileType = unknown; explicitFileType = undefined; includeInIndex = 0; };
		F363E8AA269547BC84A80CBF /* Nunito-Light.ttf */ = {isa = PBXFileReference; name = "Nunito-Light.ttf"; path = "../assets/fonts/Nunito-Light.ttf"; sourceTree = "<group>"; fileEncoding = undefined; lastKnownFileType = unknown; explicitFileType = undefined; includeInIndex = 0; };
		6CBD34B3BA1F4A37B99C395D /* Nunito-Medium.ttf */ = {isa = PBXFileReference; name = "Nunito-Medium.ttf"; path = "../assets/fonts/Nunito-Medium.ttf"; sourceTree = "<group>"; fileEncoding = undefined; lastKnownFileType = unknown; explicitFileType = undefined; includeInIndex = 0; };
		3C00D8BC6CDC40DDA4DDABA0 /* Nunito-Regular.ttf */ = {isa = PBXFileReference; name = "Nunito-Regular.ttf"; path = "../assets/fonts/Nunito-Regular.ttf"; sourceTree = "<group>"; fileEncoding = undefined; lastKnownFileType = unknown; explicitFileType = undefined; includeInIndex = 0; };
		329ADFBE66FE496082035A00 /* Nunito-SemiBold.ttf */ = {isa = PBXFileReference; name = "Nunito-SemiBold.ttf"; path = "../assets/fonts/Nunito-SemiBold.ttf"; sourceTree = "<group>"; fileEncoding = undefined; lastKnownFileType = unknown; explicitFileType = undefined; includeInIndex = 0; };
		218822F35AEE4AA1A6F0AAE5 /* background.png */ = {isa = PBXFileReference; name = "background.png"; path = "../assets/images/background.png"; sourceTree = "<group>"; fileEncoding = undefined; lastKnownFileType = unknown; explicitFileType = undefined; includeInIndex = 0; };
		73355F0AF73340B681156998 /* Montserrat-Bold.ttf */ = {isa = PBXFileReference; name = "Montserrat-Bold.ttf"; path = "../assets/fonts/Montserrat-Bold.ttf"; sourceTree = "<group>"; fileEncoding = undefined; lastKnownFileType = unknown; explicitFileType = undefined; includeInIndex = 0; };
		71BB78D127D249258A0EA1E3 /* Montserrat-Light.ttf */ = {isa = PBXFileReference; name = "Montserrat-Light.ttf"; path = "../assets/fonts/Montserrat-Light.ttf"; sourceTree = "<group>"; fileEncoding = undefined; lastKnownFileType = unknown; explicitFileType = undefined; includeInIndex = 0; };
		BB885AAF4588445A8F8BFF28 /* Montserrat-Medium.ttf */ = {isa = PBXFileReference; name = "Montserrat-Medium.ttf"; path = "../assets/fonts/Montserrat-Medium.ttf"; sourceTree = "<group>"; fileEncoding = undefined; lastKnownFileType = unknown; explicitFileType = undefined; includeInIndex = 0; };
		D295AB5EA8CA4B7EA7C2CC31 /* Montserrat-Regular.ttf */ = {isa = PBXFileReference; name = "Montserrat-Regular.ttf"; path = "../assets/fonts/Montserrat-Regular.ttf"; sourceTree = "<group>"; fileEncoding = undefined; lastKnownFileType = unknown; explicitFileType = undefined; includeInIndex = 0; };
		771893EA84974D518A77B61E /* Montserrat-SemiBold.ttf */ = {isa = PBXFileReference; name = "Montserrat-SemiBold.ttf"; path = "../assets/fonts/Montserrat-SemiBold.ttf"; sourceTree = "<group>"; fileEncoding = undefined; lastKnownFileType = unknown; explicitFileType = undefined; includeInIndex = 0; };
/* End PBXFileReference section */

/* Begin PBXFrameworksBuildPhase section */
		00E356EB1AD99517003FC87E /* Frameworks */ = {
			isa = PBXFrameworksBuildPhase;
			buildActionMask = 2147483647;
			files = (
			);
			runOnlyForDeploymentPostprocessing = 0;
		};
		13B07F8C1A680F5B00A75B9A /* Frameworks */ = {
			isa = PBXFrameworksBuildPhase;
			buildActionMask = 2147483647;
			files = (
			);
			runOnlyForDeploymentPostprocessing = 0;
		};
/* End PBXFrameworksBuildPhase section */

/* Begin PBXGroup section */
		00E356EF1AD99517003FC87E /* GanaderiAppTests */ = {
			isa = PBXGroup;
			children = (
				00E356F21AD99517003FC87E /* GanaderiAppTests.m */,
				00E356F01AD99517003FC87E /* Supporting Files */,
			);
			path = GanaderiAppTests;
			sourceTree = "<group>";
		};
		00E356F01AD99517003FC87E /* Supporting Files */ = {
			isa = PBXGroup;
			children = (
				00E356F11AD99517003FC87E /* Info.plist */,
			);
			name = "Supporting Files";
			sourceTree = "<group>";
		};
		13B07FAE1A68108700A75B9A /* GanaderiApp */ = {
			isa = PBXGroup;
			children = (
				13B07FAF1A68108700A75B9A /* AppDelegate.h */,
				13B07FB01A68108700A75B9A /* AppDelegate.m */,
				13B07FB51A68108700A75B9A /* Images.xcassets */,
				13B07FB61A68108700A75B9A /* Info.plist */,
				81AB9BB72411601600AC10FF /* LaunchScreen.storyboard */,
				13B07FB71A68108700A75B9A /* main.m */,
			);
			name = GanaderiApp;
			sourceTree = "<group>";
		};
		2D16E6871FA4F8E400B85C8A /* Frameworks */ = {
			isa = PBXGroup;
			children = (
				ED297162215061F000B7C4FE /* JavaScriptCore.framework */,
			);
			name = Frameworks;
			sourceTree = "<group>";
		};
		832341AE1AAA6A7D00B99B32 /* Libraries */ = {
			isa = PBXGroup;
			children = (
			);
			name = Libraries;
			sourceTree = "<group>";
		};
		83CBB9F61A601CBA00E9B192 = {
			isa = PBXGroup;
			children = (
				13B07FAE1A68108700A75B9A /* GanaderiApp */,
				832341AE1AAA6A7D00B99B32 /* Libraries */,
				00E356EF1AD99517003FC87E /* GanaderiAppTests */,
				83CBBA001A601CBA00E9B192 /* Products */,
				2D16E6871FA4F8E400B85C8A /* Frameworks */,
				12492DACD1874D83A3E603E3 /* Resources */,
			);
			indentWidth = 2;
			sourceTree = "<group>";
			tabWidth = 2;
			usesTabs = 0;
		};
		83CBBA001A601CBA00E9B192 /* Products */ = {
			isa = PBXGroup;
			children = (
				13B07F961A680F5B00A75B9A /* GanaderiApp.app */,
				00E356EE1AD99517003FC87E /* GanaderiAppTests.xctest */,
			);
			name = Products;
			sourceTree = "<group>";
		};
		12492DACD1874D83A3E603E3 /* Resources */ = {
			isa = "PBXGroup";
			children = (
				32580CBF53C949B392A9DBF6 /* AntDesign.ttf */,
				702810B0A7EF4CBFB3CA6948 /* Entypo.ttf */,
				BA215134368744C1886E9048 /* EvilIcons.ttf */,
				89533CBC749C404CBECB61BD /* Feather.ttf */,
				92A42FC1EE5C4D3386B52925 /* FontAwesome.ttf */,
				0549A5A4BC9643959AEA941C /* FontAwesome5_Brands.ttf */,
				6CC28B953B674243968B7203 /* FontAwesome5_Regular.ttf */,
				E726F2272AD84F7FA7D92A33 /* FontAwesome5_Solid.ttf */,
				4EF9B678833E4270ABACA3CC /* Fontisto.ttf */,
				E89F9866B4B54BAAB5CF850F /* Foundation.ttf */,
				6447D644D5BD4BA7934BDFAB /* Ionicons.ttf */,
				822E6BFE699049A7B27EC713 /* MaterialCommunityIcons.ttf */,
				B86BBFC12CF043BD86A68FA2 /* MaterialIcons.ttf */,
				AD8F1CA3D60A4F9DBFDD345D /* Octicons.ttf */,
				BB7C1AA9D8B74F5ABA6567A2 /* SimpleLineIcons.ttf */,
				59534DA113924043AF11E83C /* Zocial.ttf */,
				4318853257344F67902B0D1E /* Inter-Bold.ttf */,
				7B951484284D43C792DA4F0A /* Inter-Light.ttf */,
				11FF51B0857B49D2989535E9 /* Inter-Medium.ttf */,
				1EA44046E0AE489B8B05ADF6 /* Inter-Regular.ttf */,
				5859B338235B4ECCBAF16276 /* Inter-SemiBold.ttf */,
				4A56612709AC4C0086FE2F3E /* Manrope-Bold.ttf */,
				3BE09CACFFBF49CE8E898036 /* Manrope-Light.ttf */,
				A68A0F48B89D4D129DF8A0E7 /* Manrope-Medium.ttf */,
				5209E4E7A5F54B83BFD551C6 /* Manrope-Regular.ttf */,
				D635C0E3AAE14BC6880A1B1A /* Manrope-SemiBold.ttf */,
				A77BCE47519C4BAAB26128E3 /* Metropolis-Bold.otf */,
				95633DEC17AE486A8E52FE2D /* Metropolis-Light.otf */,
				D8B5221983A249CEAC87EB3D /* Metropolis-Medium.otf */,
				A84B66B4E2724887B7076CFA /* Metropolis-Regular.otf */,
				C2B20AB7F2AA4C8C9A43A7EE /* Metropolis-SemiBold.otf */,
				5293B82015524EB4970B2CF7 /* Nunito-Bold.ttf */,
				F363E8AA269547BC84A80CBF /* Nunito-Light.ttf */,
				6CBD34B3BA1F4A37B99C395D /* Nunito-Medium.ttf */,
				3C00D8BC6CDC40DDA4DDABA0 /* Nunito-Regular.ttf */,
				329ADFBE66FE496082035A00 /* Nunito-SemiBold.ttf */,
				218822F35AEE4AA1A6F0AAE5 /* background.png */,
				73355F0AF73340B681156998 /* Montserrat-Bold.ttf */,
				71BB78D127D249258A0EA1E3 /* Montserrat-Light.ttf */,
				BB885AAF4588445A8F8BFF28 /* Montserrat-Medium.ttf */,
				D295AB5EA8CA4B7EA7C2CC31 /* Montserrat-Regular.ttf */,
				771893EA84974D518A77B61E /* Montserrat-SemiBold.ttf */,
			);
			name = Resources;
			sourceTree = "<group>";
			path = "";
		};
/* End PBXGroup section */

/* Begin PBXNativeTarget section */
		00E356ED1AD99517003FC87E /* GanaderiAppTests */ = {
			isa = PBXNativeTarget;
			buildConfigurationList = 00E357021AD99517003FC87E /* Build configuration list for PBXNativeTarget "GanaderiAppTests" */;
			buildPhases = (
				00E356EA1AD99517003FC87E /* Sources */,
				00E356EB1AD99517003FC87E /* Frameworks */,
				00E356EC1AD99517003FC87E /* Resources */,
			);
			buildRules = (
			);
			dependencies = (
				00E356F51AD99517003FC87E /* PBXTargetDependency */,
			);
			name = GanaderiAppTests;
			productName = GanaderiAppTests;
			productReference = 00E356EE1AD99517003FC87E /* GanaderiAppTests.xctest */;
			productType = "com.apple.product-type.bundle.unit-test";
		};
		13B07F861A680F5B00A75B9A /* GanaderiApp */ = {
			isa = PBXNativeTarget;
			buildConfigurationList = 13B07F931A680F5B00A75B9A /* Build configuration list for PBXNativeTarget "GanaderiApp" */;
			buildPhases = (
				FD10A7F022414F080027D42C /* Start Packager */,
				13B07F871A680F5B00A75B9A /* Sources */,
				13B07F8C1A680F5B00A75B9A /* Frameworks */,
				13B07F8E1A680F5B00A75B9A /* Resources */,
				00DD1BFF1BD5951E006B06BC /* Bundle React Native code and images */,
			);
			buildRules = (
			);
			dependencies = (
			);
			name = GanaderiApp;
			productName = GanaderiApp;
			productReference = 13B07F961A680F5B00A75B9A /* GanaderiApp.app */;
			productType = "com.apple.product-type.application";
		};
/* End PBXNativeTarget section */

/* Begin PBXProject section */
		83CBB9F71A601CBA00E9B192 /* Project object */ = {
			isa = PBXProject;
			attributes = {
				LastUpgradeCheck = 1210;
				TargetAttributes = {
					00E356ED1AD99517003FC87E = {
						CreatedOnToolsVersion = 6.2;
						TestTargetID = 13B07F861A680F5B00A75B9A;
					};
					13B07F861A680F5B00A75B9A = {
						LastSwiftMigration = 1120;
					};
				};
			};
			buildConfigurationList = 83CBB9FA1A601CBA00E9B192 /* Build configuration list for PBXProject "GanaderiApp" */;
			compatibilityVersion = "Xcode 12.0";
			developmentRegion = en;
			hasScannedForEncodings = 0;
			knownRegions = (
				en,
				Base,
			);
			mainGroup = 83CBB9F61A601CBA00E9B192;
			productRefGroup = 83CBBA001A601CBA00E9B192 /* Products */;
			projectDirPath = "";
			projectRoot = "";
			targets = (
				13B07F861A680F5B00A75B9A /* GanaderiApp */,
				00E356ED1AD99517003FC87E /* GanaderiAppTests */,
			);
		};
/* End PBXProject section */

/* Begin PBXResourcesBuildPhase section */
		00E356EC1AD99517003FC87E /* Resources */ = {
			isa = PBXResourcesBuildPhase;
			buildActionMask = 2147483647;
			files = (
			);
			runOnlyForDeploymentPostprocessing = 0;
		};
		13B07F8E1A680F5B00A75B9A /* Resources */ = {
			isa = PBXResourcesBuildPhase;
			buildActionMask = 2147483647;
			files = (
				81AB9BB82411601600AC10FF /* LaunchScreen.storyboard in Resources */,
				13B07FBF1A68108700A75B9A /* Images.xcassets in Resources */,
				1AE5179ABE38430ABB035CC0 /* AntDesign.ttf in Resources */,
				6674CC7B973C4F0693D96323 /* Entypo.ttf in Resources */,
				184D2FEB83784B99AC659E71 /* EvilIcons.ttf in Resources */,
				AB67C8B80CAD4DAEB9091A07 /* Feather.ttf in Resources */,
				D701CF7B230C48529CCBD5BB /* FontAwesome.ttf in Resources */,
				08B0B42F3E7342249CA0BF92 /* FontAwesome5_Brands.ttf in Resources */,
				D5D838B979BF4962A849DECC /* FontAwesome5_Regular.ttf in Resources */,
				659B6C55265240C3A8ABF46B /* FontAwesome5_Solid.ttf in Resources */,
				C4E0A58BDF7246AD87483854 /* Fontisto.ttf in Resources */,
				33BC152367144E31B92DCCF5 /* Foundation.ttf in Resources */,
				BB7FAF70EADE406BB45A0A51 /* Ionicons.ttf in Resources */,
				EDC76778D63E4A51971926B0 /* MaterialCommunityIcons.ttf in Resources */,
				92274E3D2294400080A7CA53 /* MaterialIcons.ttf in Resources */,
				36F5B77F770544EA870A4DDA /* Octicons.ttf in Resources */,
				BA487672CC65482E81C4C9E9 /* SimpleLineIcons.ttf in Resources */,
				5DDD399F0D2640EEBE852DB8 /* Zocial.ttf in Resources */,
				17AB4A369DFE42BE87A6E47D /* Inter-Bold.ttf in Resources */,
				EFA34D7126ED4C76AA1F8074 /* Inter-Light.ttf in Resources */,
				B2A840749B9C4318B5E9E66C /* Inter-Medium.ttf in Resources */,
				14DC94682E5F427294A5EA1C /* Inter-Regular.ttf in Resources */,
				6A04FC903DCF41E8AF60A9D5 /* Inter-SemiBold.ttf in Resources */,
				6C67C8753F7D477A89E82B8C /* Manrope-Bold.ttf in Resources */,
				E74ACEBDD85645C5AC752AD2 /* Manrope-Light.ttf in Resources */,
				5C4DB16E2D9B47ED9C782B64 /* Manrope-Medium.ttf in Resources */,
				52B90437730C4716A2A89E7C /* Manrope-Regular.ttf in Resources */,
				B05D4ED09F5D48C5919D8EB9 /* Manrope-SemiBold.ttf in Resources */,
				14A06210F92E4585A55762E4 /* Metropolis-Bold.otf in Resources */,
				FD159C5034B941ED90DEF72E /* Metropolis-Light.otf in Resources */,
				F73B30EAC0DC4694B5802F84 /* Metropolis-Medium.otf in Resources */,
				A15250DBF2824DE8AEE3E884 /* Metropolis-Regular.otf in Resources */,
				E4CEB06CE5FD4E89A604C1C8 /* Metropolis-SemiBold.otf in Resources */,
				96147C19D69D4943A7169148 /* Nunito-Bold.ttf in Resources */,
				5290C749D0744D10850551C6 /* Nunito-Light.ttf in Resources */,
				C382E59FB50C487696E5DC45 /* Nunito-Medium.ttf in Resources */,
				7B96240FF9914C539A075464 /* Nunito-Regular.ttf in Resources */,
				94836808E0D1472782C98AFD /* Nunito-SemiBold.ttf in Resources */,
				1AB90C6B97E944C28BE7F36A /* background.png in Resources */,
				85AD0CC9064C4E79BA7AA028 /* Montserrat-Bold.ttf in Resources */,
				6A05B4AAFDA34CD081888A45 /* Montserrat-Light.ttf in Resources */,
				499FC1E544104F40951B1E87 /* Montserrat-Medium.ttf in Resources */,
				9BB7B858EBB84BFDBFA4AC32 /* Montserrat-Regular.ttf in Resources */,
				5E9FB6A2EDB340CD9438A88F /* Montserrat-SemiBold.ttf in Resources */,
			);
			runOnlyForDeploymentPostprocessing = 0;
		};
/* End PBXResourcesBuildPhase section */

/* Begin PBXShellScriptBuildPhase section */
		00DD1BFF1BD5951E006B06BC /* Bundle React Native code and images */ = {
			isa = PBXShellScriptBuildPhase;
			buildActionMask = 2147483647;
			files = (
			);
			inputPaths = (
			);
			name = "Bundle React Native code and images";
			outputPaths = (
			);
			runOnlyForDeploymentPostprocessing = 0;
			shellPath = /bin/sh;
			shellScript = "set -e\n\nexport NODE_BINARY=node\n../node_modules/react-native/scripts/react-native-xcode.sh\n";
		};
		FD10A7F022414F080027D42C /* Start Packager */ = {
			isa = PBXShellScriptBuildPhase;
			buildActionMask = 2147483647;
			files = (
			);
			inputFileListPaths = (
			);
			inputPaths = (
			);
			name = "Start Packager";
			outputFileListPaths = (
			);
			outputPaths = (
			);
			runOnlyForDeploymentPostprocessing = 0;
			shellPath = /bin/sh;
			shellScript = "export RCT_METRO_PORT=\"${RCT_METRO_PORT:=8081}\"\necho \"export RCT_METRO_PORT=${RCT_METRO_PORT}\" > \"${SRCROOT}/../node_modules/react-native/scripts/.packager.env\"\nif [ -z \"${RCT_NO_LAUNCH_PACKAGER+xxx}\" ] ; then\n  if nc -w 5 -z localhost ${RCT_METRO_PORT} ; then\n    if ! curl -s \"http://localhost:${RCT_METRO_PORT}/status\" | grep -q \"packager-status:running\" ; then\n      echo \"Port ${RCT_METRO_PORT} already in use, packager is either not running or not running correctly\"\n      exit 2\n    fi\n  else\n    open \"$SRCROOT/../node_modules/react-native/scripts/launchPackager.command\" || echo \"Can't start packager automatically\"\n  fi\nfi\n";
			showEnvVarsInLog = 0;
		};
/* End PBXShellScriptBuildPhase section */

/* Begin PBXSourcesBuildPhase section */
		00E356EA1AD99517003FC87E /* Sources */ = {
			isa = PBXSourcesBuildPhase;
			buildActionMask = 2147483647;
			files = (
				00E356F31AD99517003FC87E /* GanaderiAppTests.m in Sources */,
			);
			runOnlyForDeploymentPostprocessing = 0;
		};
		13B07F871A680F5B00A75B9A /* Sources */ = {
			isa = PBXSourcesBuildPhase;
			buildActionMask = 2147483647;
			files = (
				13B07FBC1A68108700A75B9A /* AppDelegate.m in Sources */,
				13B07FC11A68108700A75B9A /* main.m in Sources */,
			);
			runOnlyForDeploymentPostprocessing = 0;
		};
/* End PBXSourcesBuildPhase section */

/* Begin PBXTargetDependency section */
		00E356F51AD99517003FC87E /* PBXTargetDependency */ = {
			isa = PBXTargetDependency;
			target = 13B07F861A680F5B00A75B9A /* GanaderiApp */;
			targetProxy = 00E356F41AD99517003FC87E /* PBXContainerItemProxy */;
		};
/* End PBXTargetDependency section */

/* Begin XCBuildConfiguration section */
		00E356F61AD99517003FC87E /* Debug */ = {
			isa = XCBuildConfiguration;
			buildSettings = {
				BUNDLE_LOADER = "$(TEST_HOST)";
				GCC_PREPROCESSOR_DEFINITIONS = (
					"DEBUG=1",
					"$(inherited)",
				);
				INFOPLIST_FILE = GanaderiAppTests/Info.plist;
				IPHONEOS_DEPLOYMENT_TARGET = 11.0;
				LD_RUNPATH_SEARCH_PATHS = (
					"$(inherited)",
					"@executable_path/Frameworks",
					"@loader_path/Frameworks",
				);
				OTHER_LDFLAGS = (
					"-ObjC",
					"-lc++",
					"$(inherited)",
				);
				PRODUCT_BUNDLE_IDENTIFIER = "org.reactjs.native.example.$(PRODUCT_NAME:rfc1034identifier)";
				PRODUCT_NAME = "$(TARGET_NAME)";
				TEST_HOST = "$(BUILT_PRODUCTS_DIR)/GanaderiApp.app/GanaderiApp";
			};
			name = Debug;
		};
		00E356F71AD99517003FC87E /* Release */ = {
			isa = XCBuildConfiguration;
			buildSettings = {
				BUNDLE_LOADER = "$(TEST_HOST)";
				COPY_PHASE_STRIP = NO;
				INFOPLIST_FILE = GanaderiAppTests/Info.plist;
				IPHONEOS_DEPLOYMENT_TARGET = 11.0;
				LD_RUNPATH_SEARCH_PATHS = (
					"$(inherited)",
					"@executable_path/Frameworks",
					"@loader_path/Frameworks",
				);
				OTHER_LDFLAGS = (
					"-ObjC",
					"-lc++",
					"$(inherited)",
				);
				PRODUCT_BUNDLE_IDENTIFIER = "org.reactjs.native.example.$(PRODUCT_NAME:rfc1034identifier)";
				PRODUCT_NAME = "$(TARGET_NAME)";
				TEST_HOST = "$(BUILT_PRODUCTS_DIR)/GanaderiApp.app/GanaderiApp";
			};
			name = Release;
		};
		13B07F941A680F5B00A75B9A /* Debug */ = {
			isa = XCBuildConfiguration;
			buildSettings = {
				ASSETCATALOG_COMPILER_APPICON_NAME = AppIcon;
				CLANG_ENABLE_MODULES = YES;
				CURRENT_PROJECT_VERSION = 1;
				ENABLE_BITCODE = NO;
				INFOPLIST_FILE = GanaderiApp/Info.plist;
				LD_RUNPATH_SEARCH_PATHS = (
					"$(inherited)",
					"@executable_path/Frameworks",
				);
				OTHER_LDFLAGS = (
					"$(inherited)",
					"-ObjC",
					"-lc++",
				);
				PRODUCT_BUNDLE_IDENTIFIER = "org.reactjs.native.example.$(PRODUCT_NAME:rfc1034identifier)";
				PRODUCT_NAME = GanaderiApp;
				SWIFT_OPTIMIZATION_LEVEL = "-Onone";
				SWIFT_VERSION = 5.0;
				VERSIONING_SYSTEM = "apple-generic";
			};
			name = Debug;
		};
		13B07F951A680F5B00A75B9A /* Release */ = {
			isa = XCBuildConfiguration;
			buildSettings = {
				ASSETCATALOG_COMPILER_APPICON_NAME = AppIcon;
				CLANG_ENABLE_MODULES = YES;
				CURRENT_PROJECT_VERSION = 1;
				INFOPLIST_FILE = GanaderiApp/Info.plist;
				LD_RUNPATH_SEARCH_PATHS = (
					"$(inherited)",
					"@executable_path/Frameworks",
				);
				OTHER_LDFLAGS = (
					"$(inherited)",
					"-ObjC",
					"-lc++",
				);
				PRODUCT_BUNDLE_IDENTIFIER = "org.reactjs.native.example.$(PRODUCT_NAME:rfc1034identifier)";
				PRODUCT_NAME = GanaderiApp;
				SWIFT_VERSION = 5.0;
				VERSIONING_SYSTEM = "apple-generic";
			};
			name = Release;
		};
		83CBBA201A601CBA00E9B192 /* Debug */ = {
			isa = XCBuildConfiguration;
			buildSettings = {
				ALWAYS_SEARCH_USER_PATHS = NO;
				CLANG_ANALYZER_LOCALIZABILITY_NONLOCALIZED = YES;
				CLANG_CXX_LANGUAGE_STANDARD = "gnu++0x";
				CLANG_CXX_LIBRARY = "libc++";
				CLANG_ENABLE_MODULES = YES;
				CLANG_ENABLE_OBJC_ARC = YES;
				CLANG_WARN_BLOCK_CAPTURE_AUTORELEASING = YES;
				CLANG_WARN_BOOL_CONVERSION = YES;
				CLANG_WARN_COMMA = YES;
				CLANG_WARN_CONSTANT_CONVERSION = YES;
				CLANG_WARN_DEPRECATED_OBJC_IMPLEMENTATIONS = YES;
				CLANG_WARN_DIRECT_OBJC_ISA_USAGE = YES_ERROR;
				CLANG_WARN_EMPTY_BODY = YES;
				CLANG_WARN_ENUM_CONVERSION = YES;
				CLANG_WARN_INFINITE_RECURSION = YES;
				CLANG_WARN_INT_CONVERSION = YES;
				CLANG_WARN_NON_LITERAL_NULL_CONVERSION = YES;
				CLANG_WARN_OBJC_IMPLICIT_RETAIN_SELF = YES;
				CLANG_WARN_OBJC_LITERAL_CONVERSION = YES;
				CLANG_WARN_OBJC_ROOT_CLASS = YES_ERROR;
				CLANG_WARN_QUOTED_INCLUDE_IN_FRAMEWORK_HEADER = YES;
				CLANG_WARN_RANGE_LOOP_ANALYSIS = YES;
				CLANG_WARN_STRICT_PROTOTYPES = YES;
				CLANG_WARN_SUSPICIOUS_MOVE = YES;
				CLANG_WARN_UNREACHABLE_CODE = YES;
				CLANG_WARN__DUPLICATE_METHOD_MATCH = YES;
				"CODE_SIGN_IDENTITY[sdk=iphoneos*]" = "iPhone Developer";
				COPY_PHASE_STRIP = NO;
				ENABLE_STRICT_OBJC_MSGSEND = YES;
				ENABLE_TESTABILITY = YES;
				GCC_C_LANGUAGE_STANDARD = gnu99;
				GCC_DYNAMIC_NO_PIC = NO;
				GCC_NO_COMMON_BLOCKS = YES;
				GCC_OPTIMIZATION_LEVEL = 0;
				GCC_PREPROCESSOR_DEFINITIONS = (
					"DEBUG=1",
					"$(inherited)",
				);
				GCC_SYMBOLS_PRIVATE_EXTERN = NO;
				GCC_WARN_64_TO_32_BIT_CONVERSION = YES;
				GCC_WARN_ABOUT_RETURN_TYPE = YES_ERROR;
				GCC_WARN_UNDECLARED_SELECTOR = YES;
				GCC_WARN_UNINITIALIZED_AUTOS = YES_AGGRESSIVE;
				GCC_WARN_UNUSED_FUNCTION = YES;
				GCC_WARN_UNUSED_VARIABLE = YES;
				IPHONEOS_DEPLOYMENT_TARGET = 11.0;
				LD_RUNPATH_SEARCH_PATHS = (
					/usr/lib/swift,
					"$(inherited)",
				);
				LIBRARY_SEARCH_PATHS = (
					"\"$(SDKROOT)/usr/lib/swift\"",
					"\"$(TOOLCHAIN_DIR)/usr/lib/swift/$(PLATFORM_NAME)\"",
					"\"$(TOOLCHAIN_DIR)/usr/lib/swift-5.0/$(PLATFORM_NAME)\"",
					"\"$(inherited)\"",
				);
				MTL_ENABLE_DEBUG_INFO = YES;
				ONLY_ACTIVE_ARCH = YES;
				SDKROOT = iphoneos;
			};
			name = Debug;
		};
		83CBBA211A601CBA00E9B192 /* Release */ = {
			isa = XCBuildConfiguration;
			buildSettings = {
				ALWAYS_SEARCH_USER_PATHS = NO;
				CLANG_ANALYZER_LOCALIZABILITY_NONLOCALIZED = YES;
				CLANG_CXX_LANGUAGE_STANDARD = "gnu++0x";
				CLANG_CXX_LIBRARY = "libc++";
				CLANG_ENABLE_MODULES = YES;
				CLANG_ENABLE_OBJC_ARC = YES;
				CLANG_WARN_BLOCK_CAPTURE_AUTORELEASING = YES;
				CLANG_WARN_BOOL_CONVERSION = YES;
				CLANG_WARN_COMMA = YES;
				CLANG_WARN_CONSTANT_CONVERSION = YES;
				CLANG_WARN_DEPRECATED_OBJC_IMPLEMENTATIONS = YES;
				CLANG_WARN_DIRECT_OBJC_ISA_USAGE = YES_ERROR;
				CLANG_WARN_EMPTY_BODY = YES;
				CLANG_WARN_ENUM_CONVERSION = YES;
				CLANG_WARN_INFINITE_RECURSION = YES;
				CLANG_WARN_INT_CONVERSION = YES;
				CLANG_WARN_NON_LITERAL_NULL_CONVERSION = YES;
				CLANG_WARN_OBJC_IMPLICIT_RETAIN_SELF = YES;
				CLANG_WARN_OBJC_LITERAL_CONVERSION = YES;
				CLANG_WARN_OBJC_ROOT_CLASS = YES_ERROR;
				CLANG_WARN_QUOTED_INCLUDE_IN_FRAMEWORK_HEADER = YES;
				CLANG_WARN_RANGE_LOOP_ANALYSIS = YES;
				CLANG_WARN_STRICT_PROTOTYPES = YES;
				CLANG_WARN_SUSPICIOUS_MOVE = YES;
				CLANG_WARN_UNREACHABLE_CODE = YES;
				CLANG_WARN__DUPLICATE_METHOD_MATCH = YES;
				"CODE_SIGN_IDENTITY[sdk=iphoneos*]" = "iPhone Developer";
				COPY_PHASE_STRIP = YES;
				ENABLE_NS_ASSERTIONS = NO;
				ENABLE_STRICT_OBJC_MSGSEND = YES;
				GCC_C_LANGUAGE_STANDARD = gnu99;
				GCC_NO_COMMON_BLOCKS = YES;
				GCC_WARN_64_TO_32_BIT_CONVERSION = YES;
				GCC_WARN_ABOUT_RETURN_TYPE = YES_ERROR;
				GCC_WARN_UNDECLARED_SELECTOR = YES;
				GCC_WARN_UNINITIALIZED_AUTOS = YES_AGGRESSIVE;
				GCC_WARN_UNUSED_FUNCTION = YES;
				GCC_WARN_UNUSED_VARIABLE = YES;
				IPHONEOS_DEPLOYMENT_TARGET = 11.0;
				LD_RUNPATH_SEARCH_PATHS = (
					/usr/lib/swift,
					"$(inherited)",
				);
				LIBRARY_SEARCH_PATHS = (
					"\"$(SDKROOT)/usr/lib/swift\"",
					"\"$(TOOLCHAIN_DIR)/usr/lib/swift/$(PLATFORM_NAME)\"",
					"\"$(TOOLCHAIN_DIR)/usr/lib/swift-5.0/$(PLATFORM_NAME)\"",
					"\"$(inherited)\"",
				);
				MTL_ENABLE_DEBUG_INFO = NO;
				SDKROOT = iphoneos;
				VALIDATE_PRODUCT = YES;
			};
			name = Release;
		};
/* End XCBuildConfiguration section */

/* Begin XCConfigurationList section */
		00E357021AD99517003FC87E /* Build configuration list for PBXNativeTarget "GanaderiAppTests" */ = {
			isa = XCConfigurationList;
			buildConfigurations = (
				00E356F61AD99517003FC87E /* Debug */,
				00E356F71AD99517003FC87E /* Release */,
			);
			defaultConfigurationIsVisible = 0;
			defaultConfigurationName = Release;
		};
		13B07F931A680F5B00A75B9A /* Build configuration list for PBXNativeTarget "GanaderiApp" */ = {
			isa = XCConfigurationList;
			buildConfigurations = (
				13B07F941A680F5B00A75B9A /* Debug */,
				13B07F951A680F5B00A75B9A /* Release */,
			);
			defaultConfigurationIsVisible = 0;
			defaultConfigurationName = Release;
		};
		83CBB9FA1A601CBA00E9B192 /* Build configuration list for PBXProject "GanaderiApp" */ = {
			isa = XCConfigurationList;
			buildConfigurations = (
				83CBBA201A601CBA00E9B192 /* Debug */,
				83CBBA211A601CBA00E9B192 /* Release */,
			);
			defaultConfigurationIsVisible = 0;
			defaultConfigurationName = Release;
		};
/* End XCConfigurationList section */
	};
	rootObject = 83CBB9F71A601CBA00E9B192 /* Project object */;
}
